
Microsoft Visual Studio Solution File, Format Version 12.00
# Visual Studio 2012
Project("{1863889A-00DF-4350-BA39-669CA949CB81}") = "Internet of Things custom modules", "Internet of Things custom modules.phpproj", "{AD8908F3-7ECE-47E0-8950-E88734F04534}"
EndProject
Global
	GlobalSection(SolutionConfigurationPlatforms) = preSolution
		Local|PHP 5.3 = Local|PHP 5.3
		Production|PHP 5.3 = Production|PHP 5.3
		Staging|PHP 5.3 = Staging|PHP 5.3
	EndGlobalSection
	GlobalSection(ProjectConfigurationPlatforms) = postSolution
		{AD8908F3-7ECE-47E0-8950-E88734F04534}.Local|PHP 5.3.ActiveCfg = Local|PHP 5.3
		{AD8908F3-7ECE-47E0-8950-E88734F04534}.Local|PHP 5.3.Deploy.0 = Local|PHP 5.3
		{AD8908F3-7ECE-47E0-8950-E88734F04534}.Production|PHP 5.3.ActiveCfg = Production|PHP 5.3
		{AD8908F3-7ECE-47E0-8950-E88734F04534}.Production|PHP 5.3.Deploy.0 = Production|PHP 5.3
		{AD8908F3-7ECE-47E0-8950-E88734F04534}.Staging|PHP 5.3.ActiveCfg = Staging|PHP 5.3
		{AD8908F3-7ECE-47E0-8950-E88734F04534}.Staging|PHP 5.3.Deploy.0 = Staging|PHP 5.3
	EndGlobalSection
	GlobalSection(SolutionProperties) = preSolution
		HideSolutionNode = FALSE
	EndGlobalSection
EndGlobal
